
Microsoft Visual Studio Solution File, Format Version 12.00
# Visual Studio 15
VisualStudioVersion = 15.0.27130.2036
MinimumVisualStudioVersion = 10.0.40219.1
Project("{FAE04EC0-301F-11D3-BF4B-00C04F79EFBC}") = "Xamarin.Forms.MultiSelectListView", "Xamarin.Forms.MultiSelectListView\Xamarin.Forms.MultiSelectListView.csproj", "{2F118D44-A45C-42BA-9E9E-14FF3044B6DB}"
EndProject
Global
	GlobalSection(SolutionConfigurationPlatforms) = preSolution
		Debug|Any CPU = Debug|Any CPU
		Release|Any CPU = Release|Any CPU
	EndGlobalSection
	GlobalSection(ProjectConfigurationPlatforms) = postSolution
		{2F118D44-A45C-42BA-9E9E-14FF3044B6DB}.Debug|Any CPU.ActiveCfg = Debug|Any CPU
		{2F118D44-A45C-42BA-9E9E-14FF3044B6DB}.Debug|Any CPU.Build.0 = Debug|Any CPU
		{2F118D44-A45C-42BA-9E9E-14FF3044B6DB}.Release|Any CPU.ActiveCfg = Release|Any CPU
		{2F118D44-A45C-42BA-9E9E-14FF3044B6DB}.Release|Any CPU.Build.0 = Release|Any CPU
	EndGlobalSection
	GlobalSection(SolutionProperties) = preSolution
		HideSolutionNode = FALSE
	EndGlobalSection
	GlobalSection(ExtensibilityGlobals) = postSolution
		SolutionGuid = {54D6D30E-BD72-45DF-8C22-E173DCF6A51F}
	EndGlobalSection
EndGlobal
